// !$*UTF8*$!
{
	archiveVersion = 1;
	classes = {
	};
	objectVersion = 50;
	objects = {

/* Begin PBXBuildFile section */
		7B15FBC5226F8E8400B33C60 /* AppDelegate.swift in Sources */ = {isa = PBXBuildFile; fileRef = 7B15FBC4226F8E8400B33C60 /* AppDelegate.swift */; };
		7B15FBC7226F8E8400B33C60 /* ContributorsTableViewController.swift in Sources */ = {isa = PBXBuildFile; fileRef = 7B15FBC6226F8E8400B33C60 /* ContributorsTableViewController.swift */; };
		7B15FBCA226F8E8400B33C60 /* Main.storyboard in Resources */ = {isa = PBXBuildFile; fileRef = 7B15FBC8226F8E8400B33C60 /* Main.storyboard */; };
		7B15FBCC226F8E8700B33C60 /* Assets.xcassets in Resources */ = {isa = PBXBuildFile; fileRef = 7B15FBCB226F8E8700B33C60 /* Assets.xcassets */; };
		7B15FBCF226F8E8700B33C60 /* LaunchScreen.storyboard in Resources */ = {isa = PBXBuildFile; fileRef = 7B15FBCD226F8E8700B33C60 /* LaunchScreen.storyboard */; };
		7B15FBDA226F8E8700B33C60 /* Top_GithubersTests.swift in Sources */ = {isa = PBXBuildFile; fileRef = 7B15FBD9226F8E8700B33C60 /* Top_GithubersTests.swift */; };
		7B15FBE7226F8FD200B33C60 /* ContributorTableViewCell.swift in Sources */ = {isa = PBXBuildFile; fileRef = 7B15FBE6226F8FD200B33C60 /* ContributorTableViewCell.swift */; };
		7B15FBEA226F91B800B33C60 /* Contributor.swift in Sources */ = {isa = PBXBuildFile; fileRef = 7B15FBE9226F91B800B33C60 /* Contributor.swift */; };
		7B15FBED226F93A600B33C60 /* GithibApi.swift in Sources */ = {isa = PBXBuildFile; fileRef = 7B15FBEC226F93A600B33C60 /* GithibApi.swift */; };
		7B15FBEF226F944000B33C60 /* GithubApiError.swift in Sources */ = {isa = PBXBuildFile; fileRef = 7B15FBEE226F944000B33C60 /* GithubApiError.swift */; };
		7B15FBF4226F9A3A00B33C60 /* UIImageViewExtension.swift in Sources */ = {isa = PBXBuildFile; fileRef = 7B15FBF3226F9A3A00B33C60 /* UIImageViewExtension.swift */; };
		7B15FBF6226F9B5200B33C60 /* GenericViewController.swift in Sources */ = {isa = PBXBuildFile; fileRef = 7B15FBF5226F9B5200B33C60 /* GenericViewController.swift */; };
		7B15FBF8226F9DAF00B33C60 /* ContributorViewController.swift in Sources */ = {isa = PBXBuildFile; fileRef = 7B15FBF7226F9DAF00B33C60 /* ContributorViewController.swift */; };
		7B15FBFB226FA67500B33C60 /* AboutViewController.swift in Sources */ = {isa = PBXBuildFile; fileRef = 7B15FBFA226FA67500B33C60 /* AboutViewController.swift */; };
/* End PBXBuildFile section */

/* Begin PBXContainerItemProxy section */
		7B15FBD6226F8E8700B33C60 /* PBXContainerItemProxy */ = {
			isa = PBXContainerItemProxy;
			containerPortal = 7B15FBB9226F8E8400B33C60 /* Project object */;
			proxyType = 1;
			remoteGlobalIDString = 7B15FBC0226F8E8400B33C60;
			remoteInfo = "Top Githubers";
		};
/* End PBXContainerItemProxy section */

/* Begin PBXFileReference section */
		7B15FBC1226F8E8400B33C60 /* Top Githubers.app */ = {isa = PBXFileReference; explicitFileType = wrapper.application; includeInIndex = 0; path = "Top Githubers.app"; sourceTree = BUILT_PRODUCTS_DIR; };
		7B15FBC4226F8E8400B33C60 /* AppDelegate.swift */ = {isa = PBXFileReference; lastKnownFileType = sourcecode.swift; path = AppDelegate.swift; sourceTree = "<group>"; };
		7B15FBC6226F8E8400B33C60 /* ContributorsTableViewController.swift */ = {isa = PBXFileReference; lastKnownFileType = sourcecode.swift; path = ContributorsTableViewController.swift; sourceTree = "<group>"; };
		7B15FBC9226F8E8400B33C60 /* Base */ = {isa = PBXFileReference; lastKnownFileType = file.storyboard; name = Base; path = Base.lproj/Main.storyboard; sourceTree = "<group>"; };
		7B15FBCB226F8E8700B33C60 /* Assets.xcassets */ = {isa = PBXFileReference; lastKnownFileType = folder.assetcatalog; path = Assets.xcassets; sourceTree = "<group>"; };
		7B15FBCE226F8E8700B33C60 /* Base */ = {isa = PBXFileReference; lastKnownFileType = file.storyboard; name = Base; path = Base.lproj/LaunchScreen.storyboard; sourceTree = "<group>"; };
		7B15FBD0226F8E8700B33C60 /* Info.plist */ = {isa = PBXFileReference; lastKnownFileType = text.plist.xml; path = Info.plist; sourceTree = "<group>"; };
		7B15FBD5226F8E8700B33C60 /* Top GithubersTests.xctest */ = {isa = PBXFileReference; explicitFileType = wrapper.cfbundle; includeInIndex = 0; path = "Top GithubersTests.xctest"; sourceTree = BUILT_PRODUCTS_DIR; };
		7B15FBD9226F8E8700B33C60 /* Top_GithubersTests.swift */ = {isa = PBXFileReference; lastKnownFileType = sourcecode.swift; path = Top_GithubersTests.swift; sourceTree = "<group>"; };
		7B15FBDB226F8E8700B33C60 /* Info.plist */ = {isa = PBXFileReference; lastKnownFileType = text.plist.xml; path = Info.plist; sourceTree = "<group>"; };
		7B15FBE6226F8FD200B33C60 /* ContributorTableViewCell.swift */ = {isa = PBXFileReference; lastKnownFileType = sourcecode.swift; path = ContributorTableViewCell.swift; sourceTree = "<group>"; };
		7B15FBE9226F91B800B33C60 /* Contributor.swift */ = {isa = PBXFileReference; lastKnownFileType = sourcecode.swift; path = Contributor.swift; sourceTree = "<group>"; };
		7B15FBEC226F93A600B33C60 /* GithibApi.swift */ = {isa = PBXFileReference; lastKnownFileType = sourcecode.swift; path = GithibApi.swift; sourceTree = "<group>"; };
		7B15FBEE226F944000B33C60 /* GithubApiError.swift */ = {isa = PBXFileReference; lastKnownFileType = sourcecode.swift; path = GithubApiError.swift; sourceTree = "<group>"; };
		7B15FBF3226F9A3A00B33C60 /* UIImageViewExtension.swift */ = {isa = PBXFileReference; lastKnownFileType = sourcecode.swift; path = UIImageViewExtension.swift; sourceTree = "<group>"; };
		7B15FBF5226F9B5200B33C60 /* GenericViewController.swift */ = {isa = PBXFileReference; lastKnownFileType = sourcecode.swift; path = GenericViewController.swift; sourceTree = "<group>"; };
		7B15FBF7226F9DAF00B33C60 /* ContributorViewController.swift */ = {isa = PBXFileReference; lastKnownFileType = sourcecode.swift; path = ContributorViewController.swift; sourceTree = "<group>"; };
		7B15FBFA226FA67500B33C60 /* AboutViewController.swift */ = {isa = PBXFileReference; lastKnownFileType = sourcecode.swift; path = AboutViewController.swift; sourceTree = "<group>"; };
/* End PBXFileReference section */

/* Begin PBXFrameworksBuildPhase section */
		7B15FBBE226F8E8400B33C60 /* Frameworks */ = {
			isa = PBXFrameworksBuildPhase;
			buildActionMask = 2147483647;
			files = (
			);
			runOnlyForDeploymentPostprocessing = 0;
		};
		7B15FBD2226F8E8700B33C60 /* Frameworks */ = {
			isa = PBXFrameworksBuildPhase;
			buildActionMask = 2147483647;
			files = (
			);
			runOnlyForDeploymentPostprocessing = 0;
		};
/* End PBXFrameworksBuildPhase section */

/* Begin PBXGroup section */
		7B15FBB8226F8E8400B33C60 = {
			isa = PBXGroup;
			children = (
				7B15FBC3226F8E8400B33C60 /* Top Githubers */,
				7B15FBD8226F8E8700B33C60 /* Top GithubersTests */,
				7B15FBC2226F8E8400B33C60 /* Products */,
			);
			sourceTree = "<group>";
		};
		7B15FBC2226F8E8400B33C60 /* Products */ = {
			isa = PBXGroup;
			children = (
				7B15FBC1226F8E8400B33C60 /* Top Githubers.app */,
				7B15FBD5226F8E8700B33C60 /* Top GithubersTests.xctest */,
			);
			name = Products;
			sourceTree = "<group>";
		};
		7B15FBC3226F8E8400B33C60 /* Top Githubers */ = {
			isa = PBXGroup;
			children = (
				7B15FBE4226F8F7C00B33C60 /* controllers */,
				7B15FBEB226F937A00B33C60 /* libs */,
				7B15FBE8226F91A000B33C60 /* models */,
				7B15FBE5226F8FB500B33C60 /* views */,
				7B15FBFC226FA68000B33C60 /* supportings */,
			);
			path = "Top Githubers";
			sourceTree = "<group>";
		};
		7B15FBD8226F8E8700B33C60 /* Top GithubersTests */ = {
			isa = PBXGroup;
			children = (
				7B15FBD9226F8E8700B33C60 /* Top_GithubersTests.swift */,
				7B15FBDB226F8E8700B33C60 /* Info.plist */,
			);
			path = "Top GithubersTests";
			sourceTree = "<group>";
		};
		7B15FBE4226F8F7C00B33C60 /* controllers */ = {
			isa = PBXGroup;
			children = (
				7B15FBFA226FA67500B33C60 /* AboutViewController.swift */,
				7B15FBC6226F8E8400B33C60 /* ContributorsTableViewController.swift */,
				7B15FBF7226F9DAF00B33C60 /* ContributorViewController.swift */,
				7B15FBF5226F9B5200B33C60 /* GenericViewController.swift */,
			);
			path = controllers;
			sourceTree = "<group>";
		};
		7B15FBE5226F8FB500B33C60 /* views */ = {
			isa = PBXGroup;
			children = (
				7B15FBF9226FA15B00B33C60 /* cells */,
				7B15FBF2226F9A2900B33C60 /* extensions */,
			);
			path = views;
			sourceTree = "<group>";
		};
		7B15FBE8226F91A000B33C60 /* models */ = {
			isa = PBXGroup;
			children = (
				7B15FBE9226F91B800B33C60 /* Contributor.swift */,
			);
			path = models;
			sourceTree = "<group>";
		};
		7B15FBEB226F937A00B33C60 /* libs */ = {
			isa = PBXGroup;
			children = (
				7B15FBEC226F93A600B33C60 /* GithibApi.swift */,
				7B15FBEE226F944000B33C60 /* GithubApiError.swift */,
			);
			path = libs;
			sourceTree = "<group>";
		};
		7B15FBF2226F9A2900B33C60 /* extensions */ = {
			isa = PBXGroup;
			children = (
				7B15FBF3226F9A3A00B33C60 /* UIImageViewExtension.swift */,
			);
			path = extensions;
			sourceTree = "<group>";
		};
		7B15FBF9226FA15B00B33C60 /* cells */ = {
			isa = PBXGroup;
			children = (
				7B15FBE6226F8FD200B33C60 /* ContributorTableViewCell.swift */,
			);
			path = cells;
			sourceTree = "<group>";
		};
		7B15FBFC226FA68000B33C60 /* supportings */ = {
			isa = PBXGroup;
			children = (
				7B15FBD0226F8E8700B33C60 /* Info.plist */,
				7B15FBC4226F8E8400B33C60 /* AppDelegate.swift */,
				7B15FBCB226F8E8700B33C60 /* Assets.xcassets */,
				7B15FBCD226F8E8700B33C60 /* LaunchScreen.storyboard */,
				7B15FBC8226F8E8400B33C60 /* Main.storyboard */,
			);
			path = supportings;
			sourceTree = "<group>";
		};
/* End PBXGroup section */

/* Begin PBXNativeTarget section */
		7B15FBC0226F8E8400B33C60 /* Top Githubers */ = {
			isa = PBXNativeTarget;
			buildConfigurationList = 7B15FBDE226F8E8700B33C60 /* Build configuration list for PBXNativeTarget "Top Githubers" */;
			buildPhases = (
				7B15FBBD226F8E8400B33C60 /* Sources */,
				7B15FBBE226F8E8400B33C60 /* Frameworks */,
				7B15FBBF226F8E8400B33C60 /* Resources */,
			);
			buildRules = (
			);
			dependencies = (
			);
			name = "Top Githubers";
			productName = "Top Githubers";
			productReference = 7B15FBC1226F8E8400B33C60 /* Top Githubers.app */;
			productType = "com.apple.product-type.application";
		};
		7B15FBD4226F8E8700B33C60 /* Top GithubersTests */ = {
			isa = PBXNativeTarget;
			buildConfigurationList = 7B15FBE1226F8E8700B33C60 /* Build configuration list for PBXNativeTarget "Top GithubersTests" */;
			buildPhases = (
				7B15FBD1226F8E8700B33C60 /* Sources */,
				7B15FBD2226F8E8700B33C60 /* Frameworks */,
				7B15FBD3226F8E8700B33C60 /* Resources */,
			);
			buildRules = (
			);
			dependencies = (
				7B15FBD7226F8E8700B33C60 /* PBXTargetDependency */,
			);
			name = "Top GithubersTests";
			productName = "Top GithubersTests";
			productReference = 7B15FBD5226F8E8700B33C60 /* Top GithubersTests.xctest */;
			productType = "com.apple.product-type.bundle.unit-test";
		};
/* End PBXNativeTarget section */

/* Begin PBXProject section */
		7B15FBB9226F8E8400B33C60 /* Project object */ = {
			isa = PBXProject;
			attributes = {
				LastSwiftUpdateCheck = 1020;
				LastUpgradeCheck = 1020;
				ORGANIZATIONNAME = "Artem Efremov";
				TargetAttributes = {
					7B15FBC0226F8E8400B33C60 = {
						CreatedOnToolsVersion = 10.2.1;
					};
					7B15FBD4226F8E8700B33C60 = {
						CreatedOnToolsVersion = 10.2.1;
						TestTargetID = 7B15FBC0226F8E8400B33C60;
					};
				};
			};
			buildConfigurationList = 7B15FBBC226F8E8400B33C60 /* Build configuration list for PBXProject "Top Githubers" */;
			compatibilityVersion = "Xcode 9.3";
			developmentRegion = en;
			hasScannedForEncodings = 0;
			knownRegions = (
				en,
				Base,
			);
			mainGroup = 7B15FBB8226F8E8400B33C60;
			productRefGroup = 7B15FBC2226F8E8400B33C60 /* Products */;
			projectDirPath = "";
			projectRoot = "";
			targets = (
				7B15FBC0226F8E8400B33C60 /* Top Githubers */,
				7B15FBD4226F8E8700B33C60 /* Top GithubersTests */,
			);
		};
/* End PBXProject section */

/* Begin PBXResourcesBuildPhase section */
		7B15FBBF226F8E8400B33C60 /* Resources */ = {
			isa = PBXResourcesBuildPhase;
			buildActionMask = 2147483647;
			files = (
				7B15FBCF226F8E8700B33C60 /* LaunchScreen.storyboard in Resources */,
				7B15FBCC226F8E8700B33C60 /* Assets.xcassets in Resources */,
				7B15FBCA226F8E8400B33C60 /* Main.storyboard in Resources */,
			);
			runOnlyForDeploymentPostprocessing = 0;
		};
		7B15FBD3226F8E8700B33C60 /* Resources */ = {
			isa = PBXResourcesBuildPhase;
			buildActionMask = 2147483647;
			files = (
			);
			runOnlyForDeploymentPostprocessing = 0;
		};
/* End PBXResourcesBuildPhase section */

/* Begin PBXSourcesBuildPhase section */
		7B15FBBD226F8E8400B33C60 /* Sources */ = {
			isa = PBXSourcesBuildPhase;
			buildActionMask = 2147483647;
			files = (
				7B15FBF6226F9B5200B33C60 /* GenericViewController.swift in Sources */,
				7B15FBEF226F944000B33C60 /* GithubApiError.swift in Sources */,
				7B15FBF8226F9DAF00B33C60 /* ContributorViewController.swift in Sources */,
				7B15FBC7226F8E8400B33C60 /* ContributorsTableViewController.swift in Sources */,
				7B15FBE7226F8FD200B33C60 /* ContributorTableViewCell.swift in Sources */,
				7B15FBC5226F8E8400B33C60 /* AppDelegate.swift in Sources */,
				7B15FBEA226F91B800B33C60 /* Contributor.swift in Sources */,
				7B15FBF4226F9A3A00B33C60 /* UIImageViewExtension.swift in Sources */,
				7B15FBFB226FA67500B33C60 /* AboutViewController.swift in Sources */,
				7B15FBED226F93A600B33C60 /* GithibApi.swift in Sources */,
			);
			runOnlyForDeploymentPostprocessing = 0;
		};
		7B15FBD1226F8E8700B33C60 /* Sources */ = {
			isa = PBXSourcesBuildPhase;
			buildActionMask = 2147483647;
			files = (
				7B15FBDA226F8E8700B33C60 /* Top_GithubersTests.swift in Sources */,
			);
			runOnlyForDeploymentPostprocessing = 0;
		};
/* End PBXSourcesBuildPhase section */

/* Begin PBXTargetDependency section */
		7B15FBD7226F8E8700B33C60 /* PBXTargetDependency */ = {
			isa = PBXTargetDependency;
			target = 7B15FBC0226F8E8400B33C60 /* Top Githubers */;
			targetProxy = 7B15FBD6226F8E8700B33C60 /* PBXContainerItemProxy */;
		};
/* End PBXTargetDependency section */

/* Begin PBXVariantGroup section */
		7B15FBC8226F8E8400B33C60 /* Main.storyboard */ = {
			isa = PBXVariantGroup;
			children = (
				7B15FBC9226F8E8400B33C60 /* Base */,
			);
			name = Main.storyboard;
			sourceTree = "<group>";
		};
		7B15FBCD226F8E8700B33C60 /* LaunchScreen.storyboard */ = {
			isa = PBXVariantGroup;
			children = (
				7B15FBCE226F8E8700B33C60 /* Base */,
			);
			name = LaunchScreen.storyboard;
			sourceTree = "<group>";
		};
/* End PBXVariantGroup section */

/* Begin XCBuildConfiguration section */
		7B15FBDC226F8E8700B33C60 /* Debug */ = {
			isa = XCBuildConfiguration;
			buildSettings = {
				ALWAYS_SEARCH_USER_PATHS = NO;
				CLANG_ANALYZER_NONNULL = YES;
				CLANG_ANALYZER_NUMBER_OBJECT_CONVERSION = YES_AGGRESSIVE;
				CLANG_CXX_LANGUAGE_STANDARD = "gnu++14";
				CLANG_CXX_LIBRARY = "libc++";
				CLANG_ENABLE_MODULES = YES;
				CLANG_ENABLE_OBJC_ARC = YES;
				CLANG_ENABLE_OBJC_WEAK = YES;
				CLANG_WARN_BLOCK_CAPTURE_AUTORELEASING = YES;
				CLANG_WARN_BOOL_CONVERSION = YES;
				CLANG_WARN_COMMA = YES;
				CLANG_WARN_CONSTANT_CONVERSION = YES;
				CLANG_WARN_DEPRECATED_OBJC_IMPLEMENTATIONS = YES;
				CLANG_WARN_DIRECT_OBJC_ISA_USAGE = YES_ERROR;
				CLANG_WARN_DOCUMENTATION_COMMENTS = YES;
				CLANG_WARN_EMPTY_BODY = YES;
				CLANG_WARN_ENUM_CONVERSION = YES;
				CLANG_WARN_INFINITE_RECURSION = YES;
				CLANG_WARN_INT_CONVERSION = YES;
				CLANG_WARN_NON_LITERAL_NULL_CONVERSION = YES;
				CLANG_WARN_OBJC_IMPLICIT_RETAIN_SELF = YES;
				CLANG_WARN_OBJC_LITERAL_CONVERSION = YES;
				CLANG_WARN_OBJC_ROOT_CLASS = YES_ERROR;
				CLANG_WARN_RANGE_LOOP_ANALYSIS = YES;
				CLANG_WARN_STRICT_PROTOTYPES = YES;
				CLANG_WARN_SUSPICIOUS_MOVE = YES;
				CLANG_WARN_UNGUARDED_AVAILABILITY = YES_AGGRESSIVE;
				CLANG_WARN_UNREACHABLE_CODE = YES;
				CLANG_WARN__DUPLICATE_METHOD_MATCH = YES;
				CODE_SIGN_IDENTITY = "iPhone Developer";
				COPY_PHASE_STRIP = NO;
				DEBUG_INFORMATION_FORMAT = dwarf;
				ENABLE_STRICT_OBJC_MSGSEND = YES;
				ENABLE_TESTABILITY = YES;
				GCC_C_LANGUAGE_STANDARD = gnu11;
				GCC_DYNAMIC_NO_PIC = NO;
				GCC_NO_COMMON_BLOCKS = YES;
				GCC_OPTIMIZATION_LEVEL = 0;
				GCC_PREPROCESSOR_DEFINITIONS = (
					"DEBUG=1",
					"$(inherited)",
				);
				GCC_WARN_64_TO_32_BIT_CONVERSION = YES;
				GCC_WARN_ABOUT_RETURN_TYPE = YES_ERROR;
				GCC_WARN_UNDECLARED_SELECTOR = YES;
				GCC_WARN_UNINITIALIZED_AUTOS = YES_AGGRESSIVE;
				GCC_WARN_UNUSED_FUNCTION = YES;
				GCC_WARN_UNUSED_VARIABLE = YES;
				IPHONEOS_DEPLOYMENT_TARGET = 12.2;
				MTL_ENABLE_DEBUG_INFO = INCLUDE_SOURCE;
				MTL_FAST_MATH = YES;
				ONLY_ACTIVE_ARCH = YES;
				SDKROOT = iphoneos;
				SWIFT_ACTIVE_COMPILATION_CONDITIONS = DEBUG;
				SWIFT_OPTIMIZATION_LEVEL = "-Onone";
			};
			name = Debug;
		};
		7B15FBDD226F8E8700B33C60 /* Release */ = {
			isa = XCBuildConfiguration;
			buildSettings = {
				ALWAYS_SEARCH_USER_PATHS = NO;
				CLANG_ANALYZER_NONNULL = YES;
				CLANG_ANALYZER_NUMBER_OBJECT_CONVERSION = YES_AGGRESSIVE;
				CLANG_CXX_LANGUAGE_STANDARD = "gnu++14";
				CLANG_CXX_LIBRARY = "libc++";
				CLANG_ENABLE_MODULES = YES;
				CLANG_ENABLE_OBJC_ARC = YES;
				CLANG_ENABLE_OBJC_WEAK = YES;
				CLANG_WARN_BLOCK_CAPTURE_AUTORELEASING = YES;
				CLANG_WARN_BOOL_CONVERSION = YES;
				CLANG_WARN_COMMA = YES;
				CLANG_WARN_CONSTANT_CONVERSION = YES;
				CLANG_WARN_DEPRECATED_OBJC_IMPLEMENTATIONS = YES;
				CLANG_WARN_DIRECT_OBJC_ISA_USAGE = YES_ERROR;
				CLANG_WARN_DOCUMENTATION_COMMENTS = YES;
				CLANG_WARN_EMPTY_BODY = YES;
				CLANG_WARN_ENUM_CONVERSION = YES;
				CLANG_WARN_INFINITE_RECURSION = YES;
				CLANG_WARN_INT_CONVERSION = YES;
				CLANG_WARN_NON_LITERAL_NULL_CONVERSION = YES;
				CLANG_WARN_OBJC_IMPLICIT_RETAIN_SELF = YES;
				CLANG_WARN_OBJC_LITERAL_CONVERSION = YES;
				CLANG_WARN_OBJC_ROOT_CLASS = YES_ERROR;
				CLANG_WARN_RANGE_LOOP_ANALYSIS = YES;
				CLANG_WARN_STRICT_PROTOTYPES = YES;
				CLANG_WARN_SUSPICIOUS_MOVE = YES;
				CLANG_WARN_UNGUARDED_AVAILABILITY = YES_AGGRESSIVE;
				CLANG_WARN_UNREACHABLE_CODE = YES;
				CLANG_WARN__DUPLICATE_METHOD_MATCH = YES;
				CODE_SIGN_IDENTITY = "iPhone Developer";
				COPY_PHASE_STRIP = NO;
				DEBUG_INFORMATION_FORMAT = "dwarf-with-dsym";
				ENABLE_NS_ASSERTIONS = NO;
				ENABLE_STRICT_OBJC_MSGSEND = YES;
				GCC_C_LANGUAGE_STANDARD = gnu11;
				GCC_NO_COMMON_BLOCKS = YES;
				GCC_WARN_64_TO_32_BIT_CONVERSION = YES;
				GCC_WARN_ABOUT_RETURN_TYPE = YES_ERROR;
				GCC_WARN_UNDECLARED_SELECTOR = YES;
				GCC_WARN_UNINITIALIZED_AUTOS = YES_AGGRESSIVE;
				GCC_WARN_UNUSED_FUNCTION = YES;
				GCC_WARN_UNUSED_VARIABLE = YES;
				IPHONEOS_DEPLOYMENT_TARGET = 12.2;
				MTL_ENABLE_DEBUG_INFO = NO;
				MTL_FAST_MATH = YES;
				SDKROOT = iphoneos;
				SWIFT_COMPILATION_MODE = wholemodule;
				SWIFT_OPTIMIZATION_LEVEL = "-O";
				VALIDATE_PRODUCT = YES;
			};
			name = Release;
		};
		7B15FBDF226F8E8700B33C60 /* Debug */ = {
			isa = XCBuildConfiguration;
			buildSettings = {
				ASSETCATALOG_COMPILER_APPICON_NAME = AppIcon;
				CODE_SIGN_STYLE = Automatic;
				DEVELOPMENT_TEAM = 276628T8AB;
				INFOPLIST_FILE = "$(SRCROOT)/Top Githubers/supportings/Info.plist";
				IPHONEOS_DEPLOYMENT_TARGET = 11.1;
				LD_RUNPATH_SEARCH_PATHS = (
					"$(inherited)",
					"@executable_path/Frameworks",
				);
				PRODUCT_BUNDLE_IDENTIFIER = "com.redbite.test.Top-Githubers";
				PRODUCT_NAME = "$(TARGET_NAME)";
				SWIFT_VERSION = 5.0;
				TARGETED_DEVICE_FAMILY = "1,2";
			};
			name = Debug;
		};
		7B15FBE0226F8E8700B33C60 /* Release */ = {
			isa = XCBuildConfiguration;
			buildSettings = {
				ASSETCATALOG_COMPILER_APPICON_NAME = AppIcon;
				CODE_SIGN_STYLE = Automatic;
				DEVELOPMENT_TEAM = 276628T8AB;
				INFOPLIST_FILE = "$(SRCROOT)/Top Githubers/supportings/Info.plist";
				IPHONEOS_DEPLOYMENT_TARGET = 11.1;
				LD_RUNPATH_SEARCH_PATHS = (
					"$(inherited)",
					"@executable_path/Frameworks",
				);
				PRODUCT_BUNDLE_IDENTIFIER = "com.redbite.test.Top-Githubers";
				PRODUCT_NAME = "$(TARGET_NAME)";
				SWIFT_VERSION = 5.0;
				TARGETED_DEVICE_FAMILY = "1,2";
			};
			name = Release;
		};
		7B15FBE2226F8E8700B33C60 /* Debug */ = {
			isa = XCBuildConfiguration;
			buildSettings = {
				ALWAYS_EMBED_SWIFT_STANDARD_LIBRARIES = YES;
				BUNDLE_LOADER = "$(TEST_HOST)";
				CODE_SIGN_STYLE = Automatic;
				DEVELOPMENT_TEAM = 276628T8AB;
				INFOPLIST_FILE = "Top GithubersTests/Info.plist";
				LD_RUNPATH_SEARCH_PATHS = (
					"$(inherited)",
					"@executable_path/Frameworks",
					"@loader_path/Frameworks",
				);
				PRODUCT_BUNDLE_IDENTIFIER = "com.redbite.test.Top-GithubersTests";
				PRODUCT_NAME = "$(TARGET_NAME)";
				SWIFT_VERSION = 5.0;
				TARGETED_DEVICE_FAMILY = "1,2";
				TEST_HOST = "$(BUILT_PRODUCTS_DIR)/Top Githubers.app/Top Githubers";
			};
			name = Debug;
		};
		7B15FBE3226F8E8700B33C60 /* Release */ = {
			isa = XCBuildConfiguration;
			buildSettings = {
				ALWAYS_EMBED_SWIFT_STANDARD_LIBRARIES = YES;
				BUNDLE_LOADER = "$(TEST_HOST)";
				CODE_SIGN_STYLE = Automatic;
				DEVELOPMENT_TEAM = 276628T8AB;
				INFOPLIST_FILE = "Top GithubersTests/Info.plist";
				LD_RUNPATH_SEARCH_PATHS = (
					"$(inherited)",
					"@executable_path/Frameworks",
					"@loader_path/Frameworks",
				);
				PRODUCT_BUNDLE_IDENTIFIER = "com.redbite.test.Top-GithubersTests";
				PRODUCT_NAME = "$(TARGET_NAME)";
				SWIFT_VERSION = 5.0;
				TARGETED_DEVICE_FAMILY = "1,2";
				TEST_HOST = "$(BUILT_PRODUCTS_DIR)/Top Githubers.app/Top Githubers";
			};
			name = Release;
		};
/* End XCBuildConfiguration section */

/* Begin XCConfigurationList section */
		7B15FBBC226F8E8400B33C60 /* Build configuration list for PBXProject "Top Githubers" */ = {
			isa = XCConfigurationList;
			buildConfigurations = (
				7B15FBDC226F8E8700B33C60 /* Debug */,
				7B15FBDD226F8E8700B33C60 /* Release */,
			);
			defaultConfigurationIsVisible = 0;
			defaultConfigurationName = Release;
		};
		7B15FBDE226F8E8700B33C60 /* Build configuration list for PBXNativeTarget "Top Githubers" */ = {
			isa = XCConfigurationList;
			buildConfigurations = (
				7B15FBDF226F8E8700B33C60 /* Debug */,
				7B15FBE0226F8E8700B33C60 /* Release */,
			);
			defaultConfigurationIsVisible = 0;
			defaultConfigurationName = Release;
		};
		7B15FBE1226F8E8700B33C60 /* Build configuration list for PBXNativeTarget "Top GithubersTests" */ = {
			isa = XCConfigurationList;
			buildConfigurations = (
				7B15FBE2226F8E8700B33C60 /* Debug */,
				7B15FBE3226F8E8700B33C60 /* Release */,
			);
			defaultConfigurationIsVisible = 0;
			defaultConfigurationName = Release;
		};
/* End XCConfigurationList section */
	};
	rootObject = 7B15FBB9226F8E8400B33C60 /* Project object */;
}
